// !$*UTF8*$!
{
	archiveVersion = 1;
	classes = {
	};
	objectVersion = 56;
	objects = {

/* Begin PBXBuildFile section */
		C623DD6D2C4DFE35000C2B69 /* SwiftCalApp.swift in Sources */ = {isa = PBXBuildFile; fileRef = C623DD6C2C4DFE35000C2B69 /* SwiftCalApp.swift */; };
		C623DD6F2C4DFE35000C2B69 /* CalendarView.swift in Sources */ = {isa = PBXBuildFile; fileRef = C623DD6E2C4DFE35000C2B69 /* CalendarView.swift */; };
		C623DD712C4DFE3E000C2B69 /* Assets.xcassets in Resources */ = {isa = PBXBuildFile; fileRef = C623DD702C4DFE3E000C2B69 /* Assets.xcassets */; };
		C623DD742C4DFE3E000C2B69 /* Preview Assets.xcassets in Resources */ = {isa = PBXBuildFile; fileRef = C623DD732C4DFE3E000C2B69 /* Preview Assets.xcassets */; };
		C623DD762C4DFE3E000C2B69 /* Persistence.swift in Sources */ = {isa = PBXBuildFile; fileRef = C623DD752C4DFE3E000C2B69 /* Persistence.swift */; };
		C623DD792C4DFE3E000C2B69 /* SwiftCal.xcdatamodeld in Sources */ = {isa = PBXBuildFile; fileRef = C623DD772C4DFE3E000C2B69 /* SwiftCal.xcdatamodeld */; };
		C623DD802C4ED8E7000C2B69 /* Date+Extensions.swift in Sources */ = {isa = PBXBuildFile; fileRef = C623DD7F2C4ED8E7000C2B69 /* Date+Extensions.swift */; };
		C62CB7D82C4FF32700190166 /* StreakView.swift in Sources */ = {isa = PBXBuildFile; fileRef = C62CB7D72C4FF32700190166 /* StreakView.swift */; };
		C62CB80D2C51395000190166 /* WidgetKit.framework in Frameworks */ = {isa = PBXBuildFile; fileRef = C62CB80C2C51394E00190166 /* WidgetKit.framework */; };
		C62CB80F2C51395000190166 /* SwiftUI.framework in Frameworks */ = {isa = PBXBuildFile; fileRef = C62CB80E2C51395000190166 /* SwiftUI.framework */; };
		C62CB8122C51395000190166 /* SwiftCalWidgetBundle.swift in Sources */ = {isa = PBXBuildFile; fileRef = C62CB8112C51395000190166 /* SwiftCalWidgetBundle.swift */; };
		C62CB8142C51395000190166 /* SwiftCalWidget.swift in Sources */ = {isa = PBXBuildFile; fileRef = C62CB8132C51395000190166 /* SwiftCalWidget.swift */; };
		C62CB8162C51395700190166 /* Assets.xcassets in Resources */ = {isa = PBXBuildFile; fileRef = C62CB8152C51395700190166 /* Assets.xcassets */; };
		C62CB81A2C51395700190166 /* SwiftCalWidgetExtension.appex in Embed Foundation Extensions */ = {isa = PBXBuildFile; fileRef = C62CB80A2C51394E00190166 /* SwiftCalWidgetExtension.appex */; settings = {ATTRIBUTES = (RemoveHeadersOnCopy, ); }; };
		C6750ADD2C5710C400FD3CFF /* CalendarHeaderView.swift in Sources */ = {isa = PBXBuildFile; fileRef = C6750ADC2C5710C400FD3CFF /* CalendarHeaderView.swift */; };
		C6750ADE2C5710C400FD3CFF /* CalendarHeaderView.swift in Sources */ = {isa = PBXBuildFile; fileRef = C6750ADC2C5710C400FD3CFF /* CalendarHeaderView.swift */; };
		C6750ADF2C571C0100FD3CFF /* SwiftCal.xcdatamodeld in Sources */ = {isa = PBXBuildFile; fileRef = C623DD772C4DFE3E000C2B69 /* SwiftCal.xcdatamodeld */; };
		C6750AE02C571FA200FD3CFF /* Date+Extensions.swift in Sources */ = {isa = PBXBuildFile; fileRef = C623DD7F2C4ED8E7000C2B69 /* Date+Extensions.swift */; };
		C6750AE12C5721CC00FD3CFF /* Persistence.swift in Sources */ = {isa = PBXBuildFile; fileRef = C623DD752C4DFE3E000C2B69 /* Persistence.swift */; };
/* End PBXBuildFile section */

/* Begin PBXContainerItemProxy section */
		C62CB8182C51395700190166 /* PBXContainerItemProxy */ = {
			isa = PBXContainerItemProxy;
			containerPortal = C623DD612C4DFE35000C2B69 /* Project object */;
			proxyType = 1;
			remoteGlobalIDString = C62CB8092C51394E00190166;
			remoteInfo = SwiftCalWidgetExtension;
		};
/* End PBXContainerItemProxy section */

/* Begin PBXCopyFilesBuildPhase section */
		C62CB81B2C51395700190166 /* Embed Foundation Extensions */ = {
			isa = PBXCopyFilesBuildPhase;
			buildActionMask = 2147483647;
			dstPath = "";
			dstSubfolderSpec = 13;
			files = (
				C62CB81A2C51395700190166 /* SwiftCalWidgetExtension.appex in Embed Foundation Extensions */,
			);
			name = "Embed Foundation Extensions";
			runOnlyForDeploymentPostprocessing = 0;
		};
/* End PBXCopyFilesBuildPhase section */

/* Begin PBXFileReference section */
		C623DD692C4DFE35000C2B69 /* SwiftCal.app */ = {isa = PBXFileReference; explicitFileType = wrapper.application; includeInIndex = 0; path = SwiftCal.app; sourceTree = BUILT_PRODUCTS_DIR; };
		C623DD6C2C4DFE35000C2B69 /* SwiftCalApp.swift */ = {isa = PBXFileReference; lastKnownFileType = sourcecode.swift; path = SwiftCalApp.swift; sourceTree = "<group>"; };
		C623DD6E2C4DFE35000C2B69 /* CalendarView.swift */ = {isa = PBXFileReference; lastKnownFileType = sourcecode.swift; path = CalendarView.swift; sourceTree = "<group>"; };
		C623DD702C4DFE3E000C2B69 /* Assets.xcassets */ = {isa = PBXFileReference; lastKnownFileType = folder.assetcatalog; path = Assets.xcassets; sourceTree = "<group>"; };
		C623DD732C4DFE3E000C2B69 /* Preview Assets.xcassets */ = {isa = PBXFileReference; lastKnownFileType = folder.assetcatalog; path = "Preview Assets.xcassets"; sourceTree = "<group>"; };
		C623DD752C4DFE3E000C2B69 /* Persistence.swift */ = {isa = PBXFileReference; lastKnownFileType = sourcecode.swift; path = Persistence.swift; sourceTree = "<group>"; };
		C623DD782C4DFE3E000C2B69 /* SwiftCal.xcdatamodel */ = {isa = PBXFileReference; lastKnownFileType = wrapper.xcdatamodel; path = SwiftCal.xcdatamodel; sourceTree = "<group>"; };
		C623DD7F2C4ED8E7000C2B69 /* Date+Extensions.swift */ = {isa = PBXFileReference; lastKnownFileType = sourcecode.swift; path = "Date+Extensions.swift"; sourceTree = "<group>"; };
		C62CB7D72C4FF32700190166 /* StreakView.swift */ = {isa = PBXFileReference; lastKnownFileType = sourcecode.swift; path = StreakView.swift; sourceTree = "<group>"; };
		C62CB80A2C51394E00190166 /* SwiftCalWidgetExtension.appex */ = {isa = PBXFileReference; explicitFileType = "wrapper.app-extension"; includeInIndex = 0; path = SwiftCalWidgetExtension.appex; sourceTree = BUILT_PRODUCTS_DIR; };
		C62CB80C2C51394E00190166 /* WidgetKit.framework */ = {isa = PBXFileReference; lastKnownFileType = wrapper.framework; name = WidgetKit.framework; path = System/Library/Frameworks/WidgetKit.framework; sourceTree = SDKROOT; };
		C62CB80E2C51395000190166 /* SwiftUI.framework */ = {isa = PBXFileReference; lastKnownFileType = wrapper.framework; name = SwiftUI.framework; path = System/Library/Frameworks/SwiftUI.framework; sourceTree = SDKROOT; };
		C62CB8112C51395000190166 /* SwiftCalWidgetBundle.swift */ = {isa = PBXFileReference; lastKnownFileType = sourcecode.swift; path = SwiftCalWidgetBundle.swift; sourceTree = "<group>"; };
		C62CB8132C51395000190166 /* SwiftCalWidget.swift */ = {isa = PBXFileReference; lastKnownFileType = sourcecode.swift; path = SwiftCalWidget.swift; sourceTree = "<group>"; };
		C62CB8152C51395700190166 /* Assets.xcassets */ = {isa = PBXFileReference; lastKnownFileType = folder.assetcatalog; path = Assets.xcassets; sourceTree = "<group>"; };
		C62CB8172C51395700190166 /* Info.plist */ = {isa = PBXFileReference; lastKnownFileType = text.plist.xml; path = Info.plist; sourceTree = "<group>"; };
		C62CB81F2C513A0400190166 /* SwiftCal.entitlements */ = {isa = PBXFileReference; lastKnownFileType = text.plist.entitlements; path = SwiftCal.entitlements; sourceTree = "<group>"; };
		C62CB8202C513A5900190166 /* SwiftCalWidgetExtension.entitlements */ = {isa = PBXFileReference; lastKnownFileType = text.plist.entitlements; path = SwiftCalWidgetExtension.entitlements; sourceTree = "<group>"; };
		C6750ADC2C5710C400FD3CFF /* CalendarHeaderView.swift */ = {isa = PBXFileReference; lastKnownFileType = sourcecode.swift; path = CalendarHeaderView.swift; sourceTree = "<group>"; };
/* End PBXFileReference section */

/* Begin PBXFrameworksBuildPhase section */
		C623DD662C4DFE35000C2B69 /* Frameworks */ = {
			isa = PBXFrameworksBuildPhase;
			buildActionMask = 2147483647;
			files = (
			);
			runOnlyForDeploymentPostprocessing = 0;
		};
		C62CB8072C51394E00190166 /* Frameworks */ = {
			isa = PBXFrameworksBuildPhase;
			buildActionMask = 2147483647;
			files = (
				C62CB80F2C51395000190166 /* SwiftUI.framework in Frameworks */,
				C62CB80D2C51395000190166 /* WidgetKit.framework in Frameworks */,
			);
			runOnlyForDeploymentPostprocessing = 0;
		};
/* End PBXFrameworksBuildPhase section */

/* Begin PBXGroup section */
		C623DD602C4DFE35000C2B69 = {
			isa = PBXGroup;
			children = (
				C62CB8202C513A5900190166 /* SwiftCalWidgetExtension.entitlements */,
				C623DD6B2C4DFE35000C2B69 /* SwiftCal */,
				C62CB8102C51395000190166 /* SwiftCalWidget */,
				C62CB80B2C51394E00190166 /* Frameworks */,
				C623DD6A2C4DFE35000C2B69 /* Products */,
			);
			sourceTree = "<group>";
		};
		C623DD6A2C4DFE35000C2B69 /* Products */ = {
			isa = PBXGroup;
			children = (
				C623DD692C4DFE35000C2B69 /* SwiftCal.app */,
				C62CB80A2C51394E00190166 /* SwiftCalWidgetExtension.appex */,
			);
			name = Products;
			sourceTree = "<group>";
		};
		C623DD6B2C4DFE35000C2B69 /* SwiftCal */ = {
			isa = PBXGroup;
			children = (
				C62CB81F2C513A0400190166 /* SwiftCal.entitlements */,
				C623DD6C2C4DFE35000C2B69 /* SwiftCalApp.swift */,
				C623DD6E2C4DFE35000C2B69 /* CalendarView.swift */,
				C6750ADC2C5710C400FD3CFF /* CalendarHeaderView.swift */,
				C62CB7D72C4FF32700190166 /* StreakView.swift */,
				C623DD7F2C4ED8E7000C2B69 /* Date+Extensions.swift */,
				C623DD752C4DFE3E000C2B69 /* Persistence.swift */,
				C623DD772C4DFE3E000C2B69 /* SwiftCal.xcdatamodeld */,
				C623DD702C4DFE3E000C2B69 /* Assets.xcassets */,
				C623DD722C4DFE3E000C2B69 /* Preview Content */,
			);
			path = SwiftCal;
			sourceTree = "<group>";
		};
		C623DD722C4DFE3E000C2B69 /* Preview Content */ = {
			isa = PBXGroup;
			children = (
				C623DD732C4DFE3E000C2B69 /* Preview Assets.xcassets */,
			);
			path = "Preview Content";
			sourceTree = "<group>";
		};
		C62CB80B2C51394E00190166 /* Frameworks */ = {
			isa = PBXGroup;
			children = (
				C62CB80C2C51394E00190166 /* WidgetKit.framework */,
				C62CB80E2C51395000190166 /* SwiftUI.framework */,
			);
			name = Frameworks;
			sourceTree = "<group>";
		};
		C62CB8102C51395000190166 /* SwiftCalWidget */ = {
			isa = PBXGroup;
			children = (
				C62CB8112C51395000190166 /* SwiftCalWidgetBundle.swift */,
				C62CB8132C51395000190166 /* SwiftCalWidget.swift */,
				C62CB8152C51395700190166 /* Assets.xcassets */,
				C62CB8172C51395700190166 /* Info.plist */,
			);
			path = SwiftCalWidget;
			sourceTree = "<group>";
		};
/* End PBXGroup section */

/* Begin PBXNativeTarget section */
		C623DD682C4DFE35000C2B69 /* SwiftCal */ = {
			isa = PBXNativeTarget;
			buildConfigurationList = C623DD7C2C4DFE3E000C2B69 /* Build configuration list for PBXNativeTarget "SwiftCal" */;
			buildPhases = (
				C623DD652C4DFE35000C2B69 /* Sources */,
				C623DD662C4DFE35000C2B69 /* Frameworks */,
				C623DD672C4DFE35000C2B69 /* Resources */,
				C62CB81B2C51395700190166 /* Embed Foundation Extensions */,
			);
			buildRules = (
			);
			dependencies = (
				C62CB8192C51395700190166 /* PBXTargetDependency */,
			);
			name = SwiftCal;
			productName = SwiftCal;
			productReference = C623DD692C4DFE35000C2B69 /* SwiftCal.app */;
			productType = "com.apple.product-type.application";
		};
		C62CB8092C51394E00190166 /* SwiftCalWidgetExtension */ = {
			isa = PBXNativeTarget;
			buildConfigurationList = C62CB81E2C51395700190166 /* Build configuration list for PBXNativeTarget "SwiftCalWidgetExtension" */;
			buildPhases = (
				C62CB8062C51394E00190166 /* Sources */,
				C62CB8072C51394E00190166 /* Frameworks */,
				C62CB8082C51394E00190166 /* Resources */,
			);
			buildRules = (
			);
			dependencies = (
			);
			name = SwiftCalWidgetExtension;
			productName = SwiftCalWidgetExtension;
			productReference = C62CB80A2C51394E00190166 /* SwiftCalWidgetExtension.appex */;
			productType = "com.apple.product-type.app-extension";
		};
/* End PBXNativeTarget section */

/* Begin PBXProject section */
		C623DD612C4DFE35000C2B69 /* Project object */ = {
			isa = PBXProject;
			attributes = {
				BuildIndependentTargetsInParallel = 1;
				LastSwiftUpdateCheck = 1540;
				LastUpgradeCheck = 1540;
				TargetAttributes = {
					C623DD682C4DFE35000C2B69 = {
						CreatedOnToolsVersion = 15.4;
					};
					C62CB8092C51394E00190166 = {
						CreatedOnToolsVersion = 15.4;
					};
				};
			};
			buildConfigurationList = C623DD642C4DFE35000C2B69 /* Build configuration list for PBXProject "SwiftCal" */;
			compatibilityVersion = "Xcode 14.0";
			developmentRegion = en;
			hasScannedForEncodings = 0;
			knownRegions = (
				en,
				Base,
			);
			mainGroup = C623DD602C4DFE35000C2B69;
			productRefGroup = C623DD6A2C4DFE35000C2B69 /* Products */;
			projectDirPath = "";
			projectRoot = "";
			targets = (
				C623DD682C4DFE35000C2B69 /* SwiftCal */,
				C62CB8092C51394E00190166 /* SwiftCalWidgetExtension */,
			);
		};
/* End PBXProject section */

/* Begin PBXResourcesBuildPhase section */
		C623DD672C4DFE35000C2B69 /* Resources */ = {
			isa = PBXResourcesBuildPhase;
			buildActionMask = 2147483647;
			files = (
				C623DD742C4DFE3E000C2B69 /* Preview Assets.xcassets in Resources */,
				C623DD712C4DFE3E000C2B69 /* Assets.xcassets in Resources */,
			);
			runOnlyForDeploymentPostprocessing = 0;
		};
		C62CB8082C51394E00190166 /* Resources */ = {
			isa = PBXResourcesBuildPhase;
			buildActionMask = 2147483647;
			files = (
				C62CB8162C51395700190166 /* Assets.xcassets in Resources */,
			);
			runOnlyForDeploymentPostprocessing = 0;
		};
/* End PBXResourcesBuildPhase section */

/* Begin PBXSourcesBuildPhase section */
		C623DD652C4DFE35000C2B69 /* Sources */ = {
			isa = PBXSourcesBuildPhase;
			buildActionMask = 2147483647;
			files = (
				C62CB7D82C4FF32700190166 /* StreakView.swift in Sources */,
				C623DD762C4DFE3E000C2B69 /* Persistence.swift in Sources */,
				C6750ADD2C5710C400FD3CFF /* CalendarHeaderView.swift in Sources */,
				C623DD6F2C4DFE35000C2B69 /* CalendarView.swift in Sources */,
				C623DD792C4DFE3E000C2B69 /* SwiftCal.xcdatamodeld in Sources */,
				C623DD802C4ED8E7000C2B69 /* Date+Extensions.swift in Sources */,
				C623DD6D2C4DFE35000C2B69 /* SwiftCalApp.swift in Sources */,
			);
			runOnlyForDeploymentPostprocessing = 0;
		};
		C62CB8062C51394E00190166 /* Sources */ = {
			isa = PBXSourcesBuildPhase;
			buildActionMask = 2147483647;
			files = (
				C62CB8142C51395000190166 /* SwiftCalWidget.swift in Sources */,
				C6750ADE2C5710C400FD3CFF /* CalendarHeaderView.swift in Sources */,
				C6750ADF2C571C0100FD3CFF /* SwiftCal.xcdatamodeld in Sources */,
				C6750AE12C5721CC00FD3CFF /* Persistence.swift in Sources */,
				C6750AE02C571FA200FD3CFF /* Date+Extensions.swift in Sources */,
				C62CB8122C51395000190166 /* SwiftCalWidgetBundle.swift in Sources */,
			);
			runOnlyForDeploymentPostprocessing = 0;
		};
/* End PBXSourcesBuildPhase section */

/* Begin PBXTargetDependency section */
		C62CB8192C51395700190166 /* PBXTargetDependency */ = {
			isa = PBXTargetDependency;
			target = C62CB8092C51394E00190166 /* SwiftCalWidgetExtension */;
			targetProxy = C62CB8182C51395700190166 /* PBXContainerItemProxy */;
		};
/* End PBXTargetDependency section */

/* Begin XCBuildConfiguration section */
		C623DD7A2C4DFE3E000C2B69 /* Debug */ = {
			isa = XCBuildConfiguration;
			buildSettings = {
				ALWAYS_SEARCH_USER_PATHS = NO;
				ASSETCATALOG_COMPILER_GENERATE_SWIFT_ASSET_SYMBOL_EXTENSIONS = YES;
				CLANG_ANALYZER_NONNULL = YES;
				CLANG_ANALYZER_NUMBER_OBJECT_CONVERSION = YES_AGGRESSIVE;
				CLANG_CXX_LANGUAGE_STANDARD = "gnu++20";
				CLANG_ENABLE_MODULES = YES;
				CLANG_ENABLE_OBJC_ARC = YES;
				CLANG_ENABLE_OBJC_WEAK = YES;
				CLANG_WARN_BLOCK_CAPTURE_AUTORELEASING = YES;
				CLANG_WARN_BOOL_CONVERSION = YES;
				CLANG_WARN_COMMA = YES;
				CLANG_WARN_CONSTANT_CONVERSION = YES;
				CLANG_WARN_DEPRECATED_OBJC_IMPLEMENTATIONS = YES;
				CLANG_WARN_DIRECT_OBJC_ISA_USAGE = YES_ERROR;
				CLANG_WARN_DOCUMENTATION_COMMENTS = YES;
				CLANG_WARN_EMPTY_BODY = YES;
				CLANG_WARN_ENUM_CONVERSION = YES;
				CLANG_WARN_INFINITE_RECURSION = YES;
				CLANG_WARN_INT_CONVERSION = YES;
				CLANG_WARN_NON_LITERAL_NULL_CONVERSION = YES;
				CLANG_WARN_OBJC_IMPLICIT_RETAIN_SELF = YES;
				CLANG_WARN_OBJC_LITERAL_CONVERSION = YES;
				CLANG_WARN_OBJC_ROOT_CLASS = YES_ERROR;
				CLANG_WARN_QUOTED_INCLUDE_IN_FRAMEWORK_HEADER = YES;
				CLANG_WARN_RANGE_LOOP_ANALYSIS = YES;
				CLANG_WARN_STRICT_PROTOTYPES = YES;
				CLANG_WARN_SUSPICIOUS_MOVE = YES;
				CLANG_WARN_UNGUARDED_AVAILABILITY = YES_AGGRESSIVE;
				CLANG_WARN_UNREACHABLE_CODE = YES;
				CLANG_WARN__DUPLICATE_METHOD_MATCH = YES;
				COPY_PHASE_STRIP = NO;
				DEBUG_INFORMATION_FORMAT = dwarf;
				ENABLE_STRICT_OBJC_MSGSEND = YES;
				ENABLE_TESTABILITY = YES;
				ENABLE_USER_SCRIPT_SANDBOXING = YES;
				GCC_C_LANGUAGE_STANDARD = gnu17;
				GCC_DYNAMIC_NO_PIC = NO;
				GCC_NO_COMMON_BLOCKS = YES;
				GCC_OPTIMIZATION_LEVEL = 0;
				GCC_PREPROCESSOR_DEFINITIONS = (
					"DEBUG=1",
					"$(inherited)",
				);
				GCC_WARN_64_TO_32_BIT_CONVERSION = YES;
				GCC_WARN_ABOUT_RETURN_TYPE = YES_ERROR;
				GCC_WARN_UNDECLARED_SELECTOR = YES;
				GCC_WARN_UNINITIALIZED_AUTOS = YES_AGGRESSIVE;
				GCC_WARN_UNUSED_FUNCTION = YES;
				GCC_WARN_UNUSED_VARIABLE = YES;
				IPHONEOS_DEPLOYMENT_TARGET = 17.5;
				LOCALIZATION_PREFERS_STRING_CATALOGS = YES;
				MTL_ENABLE_DEBUG_INFO = INCLUDE_SOURCE;
				MTL_FAST_MATH = YES;
				ONLY_ACTIVE_ARCH = YES;
				SDKROOT = iphoneos;
				SWIFT_ACTIVE_COMPILATION_CONDITIONS = "DEBUG $(inherited)";
				SWIFT_OPTIMIZATION_LEVEL = "-Onone";
			};
			name = Debug;
		};
		C623DD7B2C4DFE3E000C2B69 /* Release */ = {
			isa = XCBuildConfiguration;
			buildSettings = {
				ALWAYS_SEARCH_USER_PATHS = NO;
				ASSETCATALOG_COMPILER_GENERATE_SWIFT_ASSET_SYMBOL_EXTENSIONS = YES;
				CLANG_ANALYZER_NONNULL = YES;
				CLANG_ANALYZER_NUMBER_OBJECT_CONVERSION = YES_AGGRESSIVE;
				CLANG_CXX_LANGUAGE_STANDARD = "gnu++20";
				CLANG_ENABLE_MODULES = YES;
				CLANG_ENABLE_OBJC_ARC = YES;
				CLANG_ENABLE_OBJC_WEAK = YES;
				CLANG_WARN_BLOCK_CAPTURE_AUTORELEASING = YES;
				CLANG_WARN_BOOL_CONVERSION = YES;
				CLANG_WARN_COMMA = YES;
				CLANG_WARN_CONSTANT_CONVERSION = YES;
				CLANG_WARN_DEPRECATED_OBJC_IMPLEMENTATIONS = YES;
				CLANG_WARN_DIRECT_OBJC_ISA_USAGE = YES_ERROR;
				CLANG_WARN_DOCUMENTATION_COMMENTS = YES;
				CLANG_WARN_EMPTY_BODY = YES;
				CLANG_WARN_ENUM_CONVERSION = YES;
				CLANG_WARN_INFINITE_RECURSION = YES;
				CLANG_WARN_INT_CONVERSION = YES;
				CLANG_WARN_NON_LITERAL_NULL_CONVERSION = YES;
				CLANG_WARN_OBJC_IMPLICIT_RETAIN_SELF = YES;
				CLANG_WARN_OBJC_LITERAL_CONVERSION = YES;
				CLANG_WARN_OBJC_ROOT_CLASS = YES_ERROR;
				CLANG_WARN_QUOTED_INCLUDE_IN_FRAMEWORK_HEADER = YES;
				CLANG_WARN_RANGE_LOOP_ANALYSIS = YES;
				CLANG_WARN_STRICT_PROTOTYPES = YES;
				CLANG_WARN_SUSPICIOUS_MOVE = YES;
				CLANG_WARN_UNGUARDED_AVAILABILITY = YES_AGGRESSIVE;
				CLANG_WARN_UNREACHABLE_CODE = YES;
				CLANG_WARN__DUPLICATE_METHOD_MATCH = YES;
				COPY_PHASE_STRIP = NO;
				DEBUG_INFORMATION_FORMAT = "dwarf-with-dsym";
				ENABLE_NS_ASSERTIONS = NO;
				ENABLE_STRICT_OBJC_MSGSEND = YES;
				ENABLE_USER_SCRIPT_SANDBOXING = YES;
				GCC_C_LANGUAGE_STANDARD = gnu17;
				GCC_NO_COMMON_BLOCKS = YES;
				GCC_WARN_64_TO_32_BIT_CONVERSION = YES;
				GCC_WARN_ABOUT_RETURN_TYPE = YES_ERROR;
				GCC_WARN_UNDECLARED_SELECTOR = YES;
				GCC_WARN_UNINITIALIZED_AUTOS = YES_AGGRESSIVE;
				GCC_WARN_UNUSED_FUNCTION = YES;
				GCC_WARN_UNUSED_VARIABLE = YES;
				IPHONEOS_DEPLOYMENT_TARGET = 17.5;
				LOCALIZATION_PREFERS_STRING_CATALOGS = YES;
				MTL_ENABLE_DEBUG_INFO = NO;
				MTL_FAST_MATH = YES;
				SDKROOT = iphoneos;
				SWIFT_COMPILATION_MODE = wholemodule;
				VALIDATE_PRODUCT = YES;
			};
			name = Release;
		};
		C623DD7D2C4DFE3E000C2B69 /* Debug */ = {
			isa = XCBuildConfiguration;
			buildSettings = {
				ALWAYS_EMBED_SWIFT_STANDARD_LIBRARIES = YES;
				ASSETCATALOG_COMPILER_APPICON_NAME = AppIcon;
				ASSETCATALOG_COMPILER_GLOBAL_ACCENT_COLOR_NAME = AccentColor;
				CODE_SIGN_ENTITLEMENTS = SwiftCal/SwiftCal.entitlements;
				CODE_SIGN_STYLE = Automatic;
				CURRENT_PROJECT_VERSION = 1;
				DEVELOPMENT_ASSET_PATHS = "\"SwiftCal/Preview Content\"";
				DEVELOPMENT_TEAM = T2Q4YR3P44;
				ENABLE_PREVIEWS = YES;
				GENERATE_INFOPLIST_FILE = YES;
				INFOPLIST_KEY_UIApplicationSceneManifest_Generation = YES;
				INFOPLIST_KEY_UIApplicationSupportsIndirectInputEvents = YES;
				INFOPLIST_KEY_UILaunchScreen_Generation = YES;
				INFOPLIST_KEY_UISupportedInterfaceOrientations_iPad = "UIInterfaceOrientationPortrait UIInterfaceOrientationPortraitUpsideDown UIInterfaceOrientationLandscapeLeft UIInterfaceOrientationLandscapeRight";
				INFOPLIST_KEY_UISupportedInterfaceOrientations_iPhone = "UIInterfaceOrientationPortrait UIInterfaceOrientationLandscapeLeft UIInterfaceOrientationLandscapeRight";
				LD_RUNPATH_SEARCH_PATHS = (
					"$(inherited)",
					"@executable_path/Frameworks",
				);
				MARKETING_VERSION = 1.0;
				PRODUCT_BUNDLE_IDENTIFIER = mx.datafox.SwiftCal;
				PRODUCT_NAME = "$(TARGET_NAME)";
				SWIFT_EMIT_LOC_STRINGS = YES;
				SWIFT_VERSION = 5.0;
				TARGETED_DEVICE_FAMILY = "1,2";
			};
			name = Debug;
		};
		C623DD7E2C4DFE3E000C2B69 /* Release */ = {
			isa = XCBuildConfiguration;
			buildSettings = {
				ALWAYS_EMBED_SWIFT_STANDARD_LIBRARIES = YES;
				ASSETCATALOG_COMPILER_APPICON_NAME = AppIcon;
				ASSETCATALOG_COMPILER_GLOBAL_ACCENT_COLOR_NAME = AccentColor;
				CODE_SIGN_ENTITLEMENTS = SwiftCal/SwiftCal.entitlements;
				CODE_SIGN_STYLE = Automatic;
				CURRENT_PROJECT_VERSION = 1;
				DEVELOPMENT_ASSET_PATHS = "\"SwiftCal/Preview Content\"";
				DEVELOPMENT_TEAM = T2Q4YR3P44;
				ENABLE_PREVIEWS = YES;
				GENERATE_INFOPLIST_FILE = YES;
				INFOPLIST_KEY_UIApplicationSceneManifest_Generation = YES;
				INFOPLIST_KEY_UIApplicationSupportsIndirectInputEvents = YES;
				INFOPLIST_KEY_UILaunchScreen_Generation = YES;
				INFOPLIST_KEY_UISupportedInterfaceOrientations_iPad = "UIInterfaceOrientationPortrait UIInterfaceOrientationPortraitUpsideDown UIInterfaceOrientationLandscapeLeft UIInterfaceOrientationLandscapeRight";
				INFOPLIST_KEY_UISupportedInterfaceOrientations_iPhone = "UIInterfaceOrientationPortrait UIInterfaceOrientationLandscapeLeft UIInterfaceOrientationLandscapeRight";
				LD_RUNPATH_SEARCH_PATHS = (
					"$(inherited)",
					"@executable_path/Frameworks",
				);
				MARKETING_VERSION = 1.0;
				PRODUCT_BUNDLE_IDENTIFIER = mx.datafox.SwiftCal;
				PRODUCT_NAME = "$(TARGET_NAME)";
				SWIFT_EMIT_LOC_STRINGS = YES;
				SWIFT_VERSION = 5.0;
				TARGETED_DEVICE_FAMILY = "1,2";
			};
			name = Release;
		};
		C62CB81C2C51395700190166 /* Debug */ = {
			isa = XCBuildConfiguration;
			buildSettings = {
				ASSETCATALOG_COMPILER_GLOBAL_ACCENT_COLOR_NAME = AccentColor;
				ASSETCATALOG_COMPILER_WIDGET_BACKGROUND_COLOR_NAME = WidgetBackground;
				CODE_SIGN_ENTITLEMENTS = SwiftCalWidgetExtension.entitlements;
				CODE_SIGN_STYLE = Automatic;
				CURRENT_PROJECT_VERSION = 1;
				DEVELOPMENT_TEAM = T2Q4YR3P44;
				GENERATE_INFOPLIST_FILE = YES;
				INFOPLIST_FILE = SwiftCalWidget/Info.plist;
				INFOPLIST_KEY_CFBundleDisplayName = SwiftCalWidget;
				INFOPLIST_KEY_NSHumanReadableCopyright = "";
				LD_RUNPATH_SEARCH_PATHS = (
					"$(inherited)",
					"@executable_path/Frameworks",
					"@executable_path/../../Frameworks",
				);
				MARKETING_VERSION = 1.0;
				PRODUCT_BUNDLE_IDENTIFIER = mx.datafox.SwiftCal.SwiftCalWidget;
				PRODUCT_NAME = "$(TARGET_NAME)";
				SKIP_INSTALL = YES;
				SWIFT_EMIT_LOC_STRINGS = YES;
				SWIFT_VERSION = 5.0;
				TARGETED_DEVICE_FAMILY = "1,2";
			};
			name = Debug;
		};
		C62CB81D2C51395700190166 /* Release */ = {
			isa = XCBuildConfiguration;
			buildSettings = {
				ASSETCATALOG_COMPILER_GLOBAL_ACCENT_COLOR_NAME = AccentColor;
				ASSETCATALOG_COMPILER_WIDGET_BACKGROUND_COLOR_NAME = WidgetBackground;
				CODE_SIGN_ENTITLEMENTS = SwiftCalWidgetExtension.entitlements;
				CODE_SIGN_STYLE = Automatic;
				CURRENT_PROJECT_VERSION = 1;
				DEVELOPMENT_TEAM = T2Q4YR3P44;
				GENERATE_INFOPLIST_FILE = YES;
				INFOPLIST_FILE = SwiftCalWidget/Info.plist;
				INFOPLIST_KEY_CFBundleDisplayName = SwiftCalWidget;
				INFOPLIST_KEY_NSHumanReadableCopyright = "";
				LD_RUNPATH_SEARCH_PATHS = (
					"$(inherited)",
					"@executable_path/Frameworks",
					"@executable_path/../../Frameworks",
				);
				MARKETING_VERSION = 1.0;
				PRODUCT_BUNDLE_IDENTIFIER = mx.datafox.SwiftCal.SwiftCalWidget;
				PRODUCT_NAME = "$(TARGET_NAME)";
				SKIP_INSTALL = YES;
				SWIFT_EMIT_LOC_STRINGS = YES;
				SWIFT_VERSION = 5.0;
				TARGETED_DEVICE_FAMILY = "1,2";
			};
			name = Release;
		};
/* End XCBuildConfiguration section */

/* Begin XCConfigurationList section */
		C623DD642C4DFE35000C2B69 /* Build configuration list for PBXProject "SwiftCal" */ = {
			isa = XCConfigurationList;
			buildConfigurations = (
				C623DD7A2C4DFE3E000C2B69 /* Debug */,
				C623DD7B2C4DFE3E000C2B69 /* Release */,
			);
			defaultConfigurationIsVisible = 0;
			defaultConfigurationName = Release;
		};
		C623DD7C2C4DFE3E000C2B69 /* Build configuration list for PBXNativeTarget "SwiftCal" */ = {
			isa = XCConfigurationList;
			buildConfigurations = (
				C623DD7D2C4DFE3E000C2B69 /* Debug */,
				C623DD7E2C4DFE3E000C2B69 /* Release */,
			);
			defaultConfigurationIsVisible = 0;
			defaultConfigurationName = Release;
		};
		C62CB81E2C51395700190166 /* Build configuration list for PBXNativeTarget "SwiftCalWidgetExtension" */ = {
			isa = XCConfigurationList;
			buildConfigurations = (
				C62CB81C2C51395700190166 /* Debug */,
				C62CB81D2C51395700190166 /* Release */,
			);
			defaultConfigurationIsVisible = 0;
			defaultConfigurationName = Release;
		};
/* End XCConfigurationList section */

/* Begin XCVersionGroup section */
		C623DD772C4DFE3E000C2B69 /* SwiftCal.xcdatamodeld */ = {
			isa = XCVersionGroup;
			children = (
				C623DD782C4DFE3E000C2B69 /* SwiftCal.xcdatamodel */,
			);
			currentVersion = C623DD782C4DFE3E000C2B69 /* SwiftCal.xcdatamodel */;
			path = SwiftCal.xcdatamodeld;
			sourceTree = "<group>";
			versionGroupType = wrapper.xcdatamodel;
		};
/* End XCVersionGroup section */
	};
	rootObject = C623DD612C4DFE35000C2B69 /* Project object */;
}
